
Microsoft Visual Studio Solution File, Format Version 12.00
# Visual Studio Version 17
VisualStudioVersion = 17.4.33122.133
MinimumVisualStudioVersion = 10.0.40219.1
Project("{9A19103F-16F7-4668-BE54-9A1E7A4F7556}") = "FloodGame", "FloodGame.csproj", "{B2D19F27-FD81-4DF3-B1AF-98AD02FEA9B6}"
EndProject
Global
	GlobalSection(SolutionConfigurationPlatforms) = preSolution
		Debug|Any CPU = Debug|Any CPU
		Release|Any CPU = Release|Any CPU
	EndGlobalSection
	GlobalSection(ProjectConfigurationPlatforms) = postSolution
		{B2D19F27-FD81-4DF3-B1AF-98AD02FEA9B6}.Debug|Any CPU.ActiveCfg = Debug|Any CPU
		{B2D19F27-FD81-4DF3-B1AF-98AD02FEA9B6}.Debug|Any CPU.Build.0 = Debug|Any CPU
		{B2D19F27-FD81-4DF3-B1AF-98AD02FEA9B6}.Release|Any CPU.ActiveCfg = Release|Any CPU
		{B2D19F27-FD81-4DF3-B1AF-98AD02FEA9B6}.Release|Any CPU.Build.0 = Release|Any CPU
	EndGlobalSection
	GlobalSection(SolutionProperties) = preSolution
		HideSolutionNode = FALSE
	EndGlobalSection
	GlobalSection(ExtensibilityGlobals) = postSolution
		SolutionGuid = {5D26A7E3-2FB0-4666-BDEB-268446E347E3}
	EndGlobalSection
EndGlobal
